<?xml version="1.0" encoding="utf-8"?>
<Project ToolsVersion="4.0" xmlns="http://schemas.microsoft.com/developer/msbuild/2003">
  <ItemGroup>
    <Filter Include="源文件">
      <UniqueIdentifier>{4FC737F1-C7A5-4376-A066-2A32D752A2FF}</UniqueIdentifier>
      <Extensions>cpp;c;cc;cxx;c++;cppm;ixx;def;odl;idl;hpj;bat;asm;asmx</Extensions>
    </Filter>
    <Filter Include="头文件">
      <UniqueIdentifier>{93995380-89BD-4b04-88EB-625FBE52EBFB}</UniqueIdentifier>
      <Extensions>h;hh;hpp;hxx;h++;hm;inl;inc;ipp;xsd</Extensions>
    </Filter>
    <Filter Include="资源文件">
      <UniqueIdentifier>{67DA6AB6-F800-4c08-8B7A-83BB121AAD01}</UniqueIdentifier>
      <Extensions>rc;ico;cur;bmp;dlg;rc2;rct;bin;rgs;gif;jpg;jpeg;jpe;resx;tiff;tif;png;wav;mfcribbon-ms</Extensions>
    </Filter>
  </ItemGroup>
  <ItemGroup>
    <ClCompile Include="src\VKmain.cpp">
      <Filter>源文件</Filter>
    </ClCompile>
    <ClCompile Include="src\encapInput.cpp">
      <Filter>源文件</Filter>
    </ClCompile>
    <ClCompile Include="src\objLoader.cpp">
      <Filter>源文件</Filter>
    </ClCompile>
    <ClCompile Include="src\encapImage.cpp">
      <Filter>源文件</Filter>
    </ClCompile>
    <ClCompile Include="src\encapInit.cpp">
      <Filter>源文件</Filter>
    </ClCompile>
    <ClCompile Include="src\encapDescriptor.cpp">
      <Filter>源文件</Filter>
    </ClCompile>
    <ClCompile Include="src\encapCommand.cpp">
      <Filter>源文件</Filter>
    </ClCompile>
    <ClCompile Include="src\encapBuffer.cpp">
      <Filter>源文件</Filter>
    </ClCompile>
    <ClCompile Include="src\MPipeline.cpp">
      <Filter>源文件</Filter>
    </ClCompile>
    <ClCompile Include="src\MScene.cpp">
      <Filter>源文件</Filter>
    </ClCompile>
    <ClCompile Include="src\MObject.cpp">
      <Filter>源文件</Filter>
    </ClCompile>
    <ClCompile Include="src\MRenderCore.cpp">
      <Filter>源文件</Filter>
    </ClCompile>
    <ClCompile Include="src\executor.cpp">
      <Filter>源文件</Filter>
    </ClCompile>
    <ClCompile Include="src\MTracer.cpp">
      <Filter>源文件</Filter>
    </ClCompile>
    <ClCompile Include="src\MInterface.cpp">
      <Filter>源文件</Filter>
    </ClCompile>
    <ClCompile Include="src\iniLoader.cpp">
      <Filter>源文件</Filter>
    </ClCompile>
    <ClCompile Include="src\MAudio.cpp">
      <Filter>源文件</Filter>
    </ClCompile>
  </ItemGroup>
  <ItemGroup>
    <ClInclude Include="src\objLoader.h">
      <Filter>头文件</Filter>
    </ClInclude>
    <ClInclude Include="src\encapVk.h">
      <Filter>头文件</Filter>
    </ClInclude>
    <ClInclude Include="src\MPipeline.h">
      <Filter>头文件</Filter>
    </ClInclude>
    <ClInclude Include="src\MScene.h">
      <Filter>头文件</Filter>
    </ClInclude>
    <ClInclude Include="src\MObject.h">
      <Filter>头文件</Filter>
    </ClInclude>
    <ClInclude Include="src\MRenderCore.h">
      <Filter>头文件</Filter>
    </ClInclude>
    <ClInclude Include="src\MTracer.h">
      <Filter>头文件</Filter>
    </ClInclude>
    <ClInclude Include="src\MInterface.h">
      <Filter>头文件</Filter>
    </ClInclude>
    <ClInclude Include="src\iniLoader.h">
      <Filter>头文件</Filter>
    </ClInclude>
    <ClInclude Include="src\MAudio.h">
      <Filter>头文件</Filter>
    </ClInclude>
  </ItemGroup>
  <ItemGroup>
    <None Include="shaders\geometry.frag" />
    <None Include="shaders\screen.vert" />
    <None Include="shaders\frame0.frag" />
    <None Include="shaders\skyboxSampler.vert" />
    <None Include="shaders\skyboxSampler.frag" />
    <None Include="shaders\UI.vert" />
    <None Include="shaders\UI.frag" />
    <None Include="shaders\deferred.frag" />
    <None Include="shaders\preFilter.frag" />
    <None Include="shaders\filter.frag" />
    <None Include="shaders\geometry.mesh" />
    <None Include="shaders\easu.frag" />
    <None Include="shaders\rcas.frag" />
    <None Include="shaders\geometry.task" />
    <None Include="shaders\taau.frag" />
    <None Include="shaders\injector.frag" />
    <None Include="shaders\waterLayer.frag" />
    <None Include="shaders\waterLayer.vert" />
    <None Include="shaders\cacheViewer.frag" />
    <None Include="shaders\interfacePre.frag" />
    <None Include="shaders\interfacePre.vert" />
    <None Include="shaders\assemble.frag" />
    <None Include="shaders\interface.frag" />
    <None Include="shaders\font.vert" />
    <None Include="shaders\font.frag" />
  </ItemGroup>
</Project>